
Microsoft Visual Studio Solution File, Format Version 12.00
# Visual Studio 2013
VisualStudioVersion = 12.0.31101.0
MinimumVisualStudioVersion = 10.0.40219.1
Project("{FAE04EC0-301F-11D3-BF4B-00C04F79EFBC}") = "osu-automapper", "osu-automapper\osu-automapper.csproj", "{F166E41C-CD31-4AEF-A2D5-5DB76704C7DA}"
EndProject
Project("{6141683F-8A12-4E36-9623-2EB02B2C2303}") = "Setup1", "Setup1\Setup1.isproj", "{E2249A5B-0135-4C1C-956E-103EF9E5C613}"
EndProject
Global
	GlobalSection(SolutionConfigurationPlatforms) = preSolution
		CD_ROM|Any CPU = CD_ROM|Any CPU
		Debug|Any CPU = Debug|Any CPU
		DVD-5|Any CPU = DVD-5|Any CPU
		Release|Any CPU = Release|Any CPU
		SingleImage|Any CPU = SingleImage|Any CPU
	EndGlobalSection
	GlobalSection(ProjectConfigurationPlatforms) = postSolution
		{F166E41C-CD31-4AEF-A2D5-5DB76704C7DA}.CD_ROM|Any CPU.ActiveCfg = Release|Any CPU
		{F166E41C-CD31-4AEF-A2D5-5DB76704C7DA}.CD_ROM|Any CPU.Build.0 = Release|Any CPU
		{F166E41C-CD31-4AEF-A2D5-5DB76704C7DA}.Debug|Any CPU.ActiveCfg = Debug|Any CPU
		{F166E41C-CD31-4AEF-A2D5-5DB76704C7DA}.Debug|Any CPU.Build.0 = Debug|Any CPU
		{F166E41C-CD31-4AEF-A2D5-5DB76704C7DA}.DVD-5|Any CPU.ActiveCfg = Debug|Any CPU
		{F166E41C-CD31-4AEF-A2D5-5DB76704C7DA}.DVD-5|Any CPU.Build.0 = Debug|Any CPU
		{F166E41C-CD31-4AEF-A2D5-5DB76704C7DA}.Release|Any CPU.ActiveCfg = Release|Any CPU
		{F166E41C-CD31-4AEF-A2D5-5DB76704C7DA}.Release|Any CPU.Build.0 = Release|Any CPU
		{F166E41C-CD31-4AEF-A2D5-5DB76704C7DA}.SingleImage|Any CPU.ActiveCfg = Release|Any CPU
		{F166E41C-CD31-4AEF-A2D5-5DB76704C7DA}.SingleImage|Any CPU.Build.0 = Release|Any CPU
		{E2249A5B-0135-4C1C-956E-103EF9E5C613}.CD_ROM|Any CPU.ActiveCfg = CD_ROM
		{E2249A5B-0135-4C1C-956E-103EF9E5C613}.CD_ROM|Any CPU.Build.0 = CD_ROM
		{E2249A5B-0135-4C1C-956E-103EF9E5C613}.Debug|Any CPU.ActiveCfg = DVD-5
		{E2249A5B-0135-4C1C-956E-103EF9E5C613}.Debug|Any CPU.Build.0 = DVD-5
		{E2249A5B-0135-4C1C-956E-103EF9E5C613}.DVD-5|Any CPU.ActiveCfg = DVD-5
		{E2249A5B-0135-4C1C-956E-103EF9E5C613}.DVD-5|Any CPU.Build.0 = DVD-5
		{E2249A5B-0135-4C1C-956E-103EF9E5C613}.Release|Any CPU.ActiveCfg = SingleImage
		{E2249A5B-0135-4C1C-956E-103EF9E5C613}.Release|Any CPU.Build.0 = SingleImage
		{E2249A5B-0135-4C1C-956E-103EF9E5C613}.SingleImage|Any CPU.ActiveCfg = SingleImage
		{E2249A5B-0135-4C1C-956E-103EF9E5C613}.SingleImage|Any CPU.Build.0 = SingleImage
	EndGlobalSection
	GlobalSection(SolutionProperties) = preSolution
		HideSolutionNode = FALSE
	EndGlobalSection
EndGlobal
